// !$*UTF8*$!
{
	archiveVersion = 1;
	classes = {
	};
	objectVersion = 56;
	objects = {

/* Begin PBXBuildFile section */
		6D937A1FB12E108F2F981B56 /* libPods-ModelIt.a in Frameworks */ = {isa = PBXBuildFile; fileRef = 5A6B23B1F9E9B0619221E4D7 /* libPods-ModelIt.a */; };
		FA569C042A63DF8800CFE693 /* ThumbnailView.swift in Sources */ = {isa = PBXBuildFile; fileRef = FA569C032A63DF8800CFE693 /* ThumbnailView.swift */; };
		FA9F43292A5FADDF00ED4286 /* ModelItApp.swift in Sources */ = {isa = PBXBuildFile; fileRef = FA9F43282A5FADDF00ED4286 /* ModelItApp.swift */; };
		FA9F432B2A5FADDF00ED4286 /* ContentView.swift in Sources */ = {isa = PBXBuildFile; fileRef = FA9F432A2A5FADDF00ED4286 /* ContentView.swift */; };
		FA9F432D2A5FADE000ED4286 /* Assets.xcassets in Resources */ = {isa = PBXBuildFile; fileRef = FA9F432C2A5FADE000ED4286 /* Assets.xcassets */; };
		FA9F43302A5FADE000ED4286 /* Preview Assets.xcassets in Resources */ = {isa = PBXBuildFile; fileRef = FA9F432F2A5FADE000ED4286 /* Preview Assets.xcassets */; };
		FA9F433A2A5FADE000ED4286 /* ModelItTests.swift in Sources */ = {isa = PBXBuildFile; fileRef = FA9F43392A5FADE000ED4286 /* ModelItTests.swift */; };
		FA9F43442A5FADE000ED4286 /* ModelItUITests.swift in Sources */ = {isa = PBXBuildFile; fileRef = FA9F43432A5FADE000ED4286 /* ModelItUITests.swift */; };
		FA9F43462A5FADE000ED4286 /* ModelItUITestsLaunchTests.swift in Sources */ = {isa = PBXBuildFile; fileRef = FA9F43452A5FADE000ED4286 /* ModelItUITestsLaunchTests.swift */; };
		FA9F43552A600CEF00ED4286 /* call_c_bridge.h in Sources */ = {isa = PBXBuildFile; fileRef = FA9F43542A60046C00ED4286 /* call_c_bridge.h */; };
		FA9F43592A6026AF00ED4286 /* cpp_wrapper.cpp in Sources */ = {isa = PBXBuildFile; fileRef = FA9F43582A6026AF00ED4286 /* cpp_wrapper.cpp */; };
		FAD3AD4C2A624C7200BEC69B /* ImageResizer.swift in Sources */ = {isa = PBXBuildFile; fileRef = FAD3AD4B2A624C7200BEC69B /* ImageResizer.swift */; };
		FAD3AD4E2A624FF500BEC69B /* PhotoCaptureProcessor.swift in Sources */ = {isa = PBXBuildFile; fileRef = FAD3AD4D2A624FF500BEC69B /* PhotoCaptureProcessor.swift */; };
		FAD3AD502A625B4000BEC69B /* CameraService.swift in Sources */ = {isa = PBXBuildFile; fileRef = FAD3AD4F2A625B4000BEC69B /* CameraService.swift */; };
		FAD3AD522A625CFF00BEC69B /* CameraPreview.swift in Sources */ = {isa = PBXBuildFile; fileRef = FAD3AD512A625CFF00BEC69B /* CameraPreview.swift */; };
/* End PBXBuildFile section */

/* Begin PBXContainerItemProxy section */
		FA9F43362A5FADE000ED4286 /* PBXContainerItemProxy */ = {
			isa = PBXContainerItemProxy;
			containerPortal = FA9F431D2A5FADDF00ED4286 /* Project object */;
			proxyType = 1;
			remoteGlobalIDString = FA9F43242A5FADDF00ED4286;
			remoteInfo = ModelIt;
		};
		FA9F43402A5FADE000ED4286 /* PBXContainerItemProxy */ = {
			isa = PBXContainerItemProxy;
			containerPortal = FA9F431D2A5FADDF00ED4286 /* Project object */;
			proxyType = 1;
			remoteGlobalIDString = FA9F43242A5FADDF00ED4286;
			remoteInfo = ModelIt;
		};
/* End PBXContainerItemProxy section */

/* Begin PBXFileReference section */
		3BA4C918C59D400A4A0138E9 /* Pods-ModelIt.debug.xcconfig */ = {isa = PBXFileReference; includeInIndex = 1; lastKnownFileType = text.xcconfig; name = "Pods-ModelIt.debug.xcconfig"; path = "Target Support Files/Pods-ModelIt/Pods-ModelIt.debug.xcconfig"; sourceTree = "<group>"; };
		5A6B23B1F9E9B0619221E4D7 /* libPods-ModelIt.a */ = {isa = PBXFileReference; explicitFileType = archive.ar; includeInIndex = 0; path = "libPods-ModelIt.a"; sourceTree = BUILT_PRODUCTS_DIR; };
		EF43E79D4A88AE4FDF26D058 /* Pods-ModelIt.release.xcconfig */ = {isa = PBXFileReference; includeInIndex = 1; lastKnownFileType = text.xcconfig; name = "Pods-ModelIt.release.xcconfig"; path = "Target Support Files/Pods-ModelIt/Pods-ModelIt.release.xcconfig"; sourceTree = "<group>"; };
		FA569C032A63DF8800CFE693 /* ThumbnailView.swift */ = {isa = PBXFileReference; lastKnownFileType = sourcecode.swift; path = ThumbnailView.swift; sourceTree = "<group>"; };
		FA9F43252A5FADDF00ED4286 /* ModelIt.app */ = {isa = PBXFileReference; explicitFileType = wrapper.application; includeInIndex = 0; path = ModelIt.app; sourceTree = BUILT_PRODUCTS_DIR; };
		FA9F43282A5FADDF00ED4286 /* ModelItApp.swift */ = {isa = PBXFileReference; lastKnownFileType = sourcecode.swift; path = ModelItApp.swift; sourceTree = "<group>"; };
		FA9F432A2A5FADDF00ED4286 /* ContentView.swift */ = {isa = PBXFileReference; lastKnownFileType = sourcecode.swift; path = ContentView.swift; sourceTree = "<group>"; };
		FA9F432C2A5FADE000ED4286 /* Assets.xcassets */ = {isa = PBXFileReference; lastKnownFileType = folder.assetcatalog; path = Assets.xcassets; sourceTree = "<group>"; };
		FA9F432F2A5FADE000ED4286 /* Preview Assets.xcassets */ = {isa = PBXFileReference; lastKnownFileType = folder.assetcatalog; path = "Preview Assets.xcassets"; sourceTree = "<group>"; };
		FA9F43352A5FADE000ED4286 /* ModelItTests.xctest */ = {isa = PBXFileReference; explicitFileType = wrapper.cfbundle; includeInIndex = 0; path = ModelItTests.xctest; sourceTree = BUILT_PRODUCTS_DIR; };
		FA9F43392A5FADE000ED4286 /* ModelItTests.swift */ = {isa = PBXFileReference; lastKnownFileType = sourcecode.swift; path = ModelItTests.swift; sourceTree = "<group>"; };
		FA9F433F2A5FADE000ED4286 /* ModelItUITests.xctest */ = {isa = PBXFileReference; explicitFileType = wrapper.cfbundle; includeInIndex = 0; path = ModelItUITests.xctest; sourceTree = BUILT_PRODUCTS_DIR; };
		FA9F43432A5FADE000ED4286 /* ModelItUITests.swift */ = {isa = PBXFileReference; lastKnownFileType = sourcecode.swift; path = ModelItUITests.swift; sourceTree = "<group>"; };
		FA9F43452A5FADE000ED4286 /* ModelItUITestsLaunchTests.swift */ = {isa = PBXFileReference; lastKnownFileType = sourcecode.swift; path = ModelItUITestsLaunchTests.swift; sourceTree = "<group>"; };
		FA9F43542A60046C00ED4286 /* call_c_bridge.h */ = {isa = PBXFileReference; lastKnownFileType = sourcecode.c.h; path = call_c_bridge.h; sourceTree = "<group>"; };
		FA9F43582A6026AF00ED4286 /* cpp_wrapper.cpp */ = {isa = PBXFileReference; fileEncoding = 4; lastKnownFileType = sourcecode.cpp.cpp; path = cpp_wrapper.cpp; sourceTree = "<group>"; };
		FAD3AD4B2A624C7200BEC69B /* ImageResizer.swift */ = {isa = PBXFileReference; fileEncoding = 4; lastKnownFileType = sourcecode.swift; path = ImageResizer.swift; sourceTree = "<group>"; };
		FAD3AD4D2A624FF500BEC69B /* PhotoCaptureProcessor.swift */ = {isa = PBXFileReference; fileEncoding = 4; lastKnownFileType = sourcecode.swift; path = PhotoCaptureProcessor.swift; sourceTree = "<group>"; };
		FAD3AD4F2A625B4000BEC69B /* CameraService.swift */ = {isa = PBXFileReference; lastKnownFileType = sourcecode.swift; path = CameraService.swift; sourceTree = "<group>"; };
		FAD3AD512A625CFF00BEC69B /* CameraPreview.swift */ = {isa = PBXFileReference; fileEncoding = 4; lastKnownFileType = sourcecode.swift; path = CameraPreview.swift; sourceTree = "<group>"; };
/* End PBXFileReference section */

/* Begin PBXFrameworksBuildPhase section */
		FA9F43222A5FADDF00ED4286 /* Frameworks */ = {
			isa = PBXFrameworksBuildPhase;
			buildActionMask = 2147483647;
			files = (
				6D937A1FB12E108F2F981B56 /* libPods-ModelIt.a in Frameworks */,
			);
			runOnlyForDeploymentPostprocessing = 0;
		};
		FA9F43322A5FADE000ED4286 /* Frameworks */ = {
			isa = PBXFrameworksBuildPhase;
			buildActionMask = 2147483647;
			files = (
			);
			runOnlyForDeploymentPostprocessing = 0;
		};
		FA9F433C2A5FADE000ED4286 /* Frameworks */ = {
			isa = PBXFrameworksBuildPhase;
			buildActionMask = 2147483647;
			files = (
			);
			runOnlyForDeploymentPostprocessing = 0;
		};
/* End PBXFrameworksBuildPhase section */

/* Begin PBXGroup section */
		3608D19EEE827D72D27E2F0F /* Frameworks */ = {
			isa = PBXGroup;
			children = (
				5A6B23B1F9E9B0619221E4D7 /* libPods-ModelIt.a */,
			);
			name = Frameworks;
			sourceTree = "<group>";
		};
		481E082FAD2ACC422438C3A3 /* Pods */ = {
			isa = PBXGroup;
			children = (
				3BA4C918C59D400A4A0138E9 /* Pods-ModelIt.debug.xcconfig */,
				EF43E79D4A88AE4FDF26D058 /* Pods-ModelIt.release.xcconfig */,
			);
			path = Pods;
			sourceTree = "<group>";
		};
		FA9F431C2A5FADDF00ED4286 = {
			isa = PBXGroup;
			children = (
				FA9F43272A5FADDF00ED4286 /* ModelIt */,
				FA9F43382A5FADE000ED4286 /* ModelItTests */,
				FA9F43422A5FADE000ED4286 /* ModelItUITests */,
				FA9F43262A5FADDF00ED4286 /* Products */,
				481E082FAD2ACC422438C3A3 /* Pods */,
				3608D19EEE827D72D27E2F0F /* Frameworks */,
			);
			sourceTree = "<group>";
		};
		FA9F43262A5FADDF00ED4286 /* Products */ = {
			isa = PBXGroup;
			children = (
				FA9F43252A5FADDF00ED4286 /* ModelIt.app */,
				FA9F43352A5FADE000ED4286 /* ModelItTests.xctest */,
				FA9F433F2A5FADE000ED4286 /* ModelItUITests.xctest */,
			);
			name = Products;
			sourceTree = "<group>";
		};
		FA9F43272A5FADDF00ED4286 /* ModelIt */ = {
			isa = PBXGroup;
			children = (
				FAD3AD512A625CFF00BEC69B /* CameraPreview.swift */,
				FAD3AD4D2A624FF500BEC69B /* PhotoCaptureProcessor.swift */,
				FAD3AD4B2A624C7200BEC69B /* ImageResizer.swift */,
				FA9F43282A5FADDF00ED4286 /* ModelItApp.swift */,
				FA9F432A2A5FADDF00ED4286 /* ContentView.swift */,
				FAD3AD4F2A625B4000BEC69B /* CameraService.swift */,
				FA569C032A63DF8800CFE693 /* ThumbnailView.swift */,
				FA9F43542A60046C00ED4286 /* call_c_bridge.h */,
				FA9F43582A6026AF00ED4286 /* cpp_wrapper.cpp */,
				FA9F432C2A5FADE000ED4286 /* Assets.xcassets */,
				FA9F432E2A5FADE000ED4286 /* Preview Content */,
			);
			path = ModelIt;
			sourceTree = "<group>";
		};
		FA9F432E2A5FADE000ED4286 /* Preview Content */ = {
			isa = PBXGroup;
			children = (
				FA9F432F2A5FADE000ED4286 /* Preview Assets.xcassets */,
			);
			path = "Preview Content";
			sourceTree = "<group>";
		};
		FA9F43382A5FADE000ED4286 /* ModelItTests */ = {
			isa = PBXGroup;
			children = (
				FA9F43392A5FADE000ED4286 /* ModelItTests.swift */,
			);
			path = ModelItTests;
			sourceTree = "<group>";
		};
		FA9F43422A5FADE000ED4286 /* ModelItUITests */ = {
			isa = PBXGroup;
			children = (
				FA9F43432A5FADE000ED4286 /* ModelItUITests.swift */,
				FA9F43452A5FADE000ED4286 /* ModelItUITestsLaunchTests.swift */,
			);
			path = ModelItUITests;
			sourceTree = "<group>";
		};
/* End PBXGroup section */

/* Begin PBXNativeTarget section */
		FA9F43242A5FADDF00ED4286 /* ModelIt */ = {
			isa = PBXNativeTarget;
			buildConfigurationList = FA9F43492A5FADE000ED4286 /* Build configuration list for PBXNativeTarget "ModelIt" */;
			buildPhases = (
				E6FA6074BF642E41B81BF816 /* [CP] Check Pods Manifest.lock */,
				FA9F43212A5FADDF00ED4286 /* Sources */,
				FA9F43222A5FADDF00ED4286 /* Frameworks */,
				FA9F43232A5FADDF00ED4286 /* Resources */,
			);
			buildRules = (
			);
			dependencies = (
			);
			name = ModelIt;
			productName = ModelIt;
			productReference = FA9F43252A5FADDF00ED4286 /* ModelIt.app */;
			productType = "com.apple.product-type.application";
		};
		FA9F43342A5FADE000ED4286 /* ModelItTests */ = {
			isa = PBXNativeTarget;
			buildConfigurationList = FA9F434C2A5FADE000ED4286 /* Build configuration list for PBXNativeTarget "ModelItTests" */;
			buildPhases = (
				FA9F43312A5FADE000ED4286 /* Sources */,
				FA9F43322A5FADE000ED4286 /* Frameworks */,
				FA9F43332A5FADE000ED4286 /* Resources */,
			);
			buildRules = (
			);
			dependencies = (
				FA9F43372A5FADE000ED4286 /* PBXTargetDependency */,
			);
			name = ModelItTests;
			productName = ModelItTests;
			productReference = FA9F43352A5FADE000ED4286 /* ModelItTests.xctest */;
			productType = "com.apple.product-type.bundle.unit-test";
		};
		FA9F433E2A5FADE000ED4286 /* ModelItUITests */ = {
			isa = PBXNativeTarget;
			buildConfigurationList = FA9F434F2A5FADE000ED4286 /* Build configuration list for PBXNativeTarget "ModelItUITests" */;
			buildPhases = (
				FA9F433B2A5FADE000ED4286 /* Sources */,
				FA9F433C2A5FADE000ED4286 /* Frameworks */,
				FA9F433D2A5FADE000ED4286 /* Resources */,
			);
			buildRules = (
			);
			dependencies = (
				FA9F43412A5FADE000ED4286 /* PBXTargetDependency */,
			);
			name = ModelItUITests;
			productName = ModelItUITests;
			productReference = FA9F433F2A5FADE000ED4286 /* ModelItUITests.xctest */;
			productType = "com.apple.product-type.bundle.ui-testing";
		};
/* End PBXNativeTarget section */

/* Begin PBXProject section */
		FA9F431D2A5FADDF00ED4286 /* Project object */ = {
			isa = PBXProject;
			attributes = {
				BuildIndependentTargetsInParallel = 1;
				LastSwiftUpdateCheck = 1430;
				LastUpgradeCheck = 1430;
				TargetAttributes = {
					FA9F43242A5FADDF00ED4286 = {
						CreatedOnToolsVersion = 14.3.1;
					};
					FA9F43342A5FADE000ED4286 = {
						CreatedOnToolsVersion = 14.3.1;
						TestTargetID = FA9F43242A5FADDF00ED4286;
					};
					FA9F433E2A5FADE000ED4286 = {
						CreatedOnToolsVersion = 14.3.1;
						TestTargetID = FA9F43242A5FADDF00ED4286;
					};
				};
			};
			buildConfigurationList = FA9F43202A5FADDF00ED4286 /* Build configuration list for PBXProject "ModelIt" */;
			compatibilityVersion = "Xcode 14.0";
			developmentRegion = en;
			hasScannedForEncodings = 0;
			knownRegions = (
				en,
				Base,
			);
			mainGroup = FA9F431C2A5FADDF00ED4286;
			productRefGroup = FA9F43262A5FADDF00ED4286 /* Products */;
			projectDirPath = "";
			projectRoot = "";
			targets = (
				FA9F43242A5FADDF00ED4286 /* ModelIt */,
				FA9F43342A5FADE000ED4286 /* ModelItTests */,
				FA9F433E2A5FADE000ED4286 /* ModelItUITests */,
			);
		};
/* End PBXProject section */

/* Begin PBXResourcesBuildPhase section */
		FA9F43232A5FADDF00ED4286 /* Resources */ = {
			isa = PBXResourcesBuildPhase;
			buildActionMask = 2147483647;
			files = (
				FA9F43302A5FADE000ED4286 /* Preview Assets.xcassets in Resources */,
				FA9F432D2A5FADE000ED4286 /* Assets.xcassets in Resources */,
			);
			runOnlyForDeploymentPostprocessing = 0;
		};
		FA9F43332A5FADE000ED4286 /* Resources */ = {
			isa = PBXResourcesBuildPhase;
			buildActionMask = 2147483647;
			files = (
			);
			runOnlyForDeploymentPostprocessing = 0;
		};
		FA9F433D2A5FADE000ED4286 /* Resources */ = {
			isa = PBXResourcesBuildPhase;
			buildActionMask = 2147483647;
			files = (
			);
			runOnlyForDeploymentPostprocessing = 0;
		};
/* End PBXResourcesBuildPhase section */

/* Begin PBXShellScriptBuildPhase section */
		E6FA6074BF642E41B81BF816 /* [CP] Check Pods Manifest.lock */ = {
			isa = PBXShellScriptBuildPhase;
			buildActionMask = 2147483647;
			files = (
			);
			inputFileListPaths = (
			);
			inputPaths = (
				"${PODS_PODFILE_DIR_PATH}/Podfile.lock",
				"${PODS_ROOT}/Manifest.lock",
			);
			name = "[CP] Check Pods Manifest.lock";
			outputFileListPaths = (
			);
			outputPaths = (
				"$(DERIVED_FILE_DIR)/Pods-ModelIt-checkManifestLockResult.txt",
			);
			runOnlyForDeploymentPostprocessing = 0;
			shellPath = /bin/sh;
			shellScript = "diff \"${PODS_PODFILE_DIR_PATH}/Podfile.lock\" \"${PODS_ROOT}/Manifest.lock\" > /dev/null\nif [ $? != 0 ] ; then\n    # print error to STDERR\n    echo \"error: The sandbox is not in sync with the Podfile.lock. Run 'pod install' or update your CocoaPods installation.\" >&2\n    exit 1\nfi\n# This output is used by Xcode 'outputs' to avoid re-running this script phase.\necho \"SUCCESS\" > \"${SCRIPT_OUTPUT_FILE_0}\"\n";
			showEnvVarsInLog = 0;
		};
/* End PBXShellScriptBuildPhase section */

/* Begin PBXSourcesBuildPhase section */
		FA9F43212A5FADDF00ED4286 /* Sources */ = {
			isa = PBXSourcesBuildPhase;
			buildActionMask = 2147483647;
			files = (
				FA9F432B2A5FADDF00ED4286 /* ContentView.swift in Sources */,
				FAD3AD522A625CFF00BEC69B /* CameraPreview.swift in Sources */,
				FA9F43292A5FADDF00ED4286 /* ModelItApp.swift in Sources */,
				FA569C042A63DF8800CFE693 /* ThumbnailView.swift in Sources */,
				FAD3AD4E2A624FF500BEC69B /* PhotoCaptureProcessor.swift in Sources */,
				FAD3AD4C2A624C7200BEC69B /* ImageResizer.swift in Sources */,
				FA9F43552A600CEF00ED4286 /* call_c_bridge.h in Sources */,
				FA9F43592A6026AF00ED4286 /* cpp_wrapper.cpp in Sources */,
				FAD3AD502A625B4000BEC69B /* CameraService.swift in Sources */,
			);
			runOnlyForDeploymentPostprocessing = 0;
		};
		FA9F43312A5FADE000ED4286 /* Sources */ = {
			isa = PBXSourcesBuildPhase;
			buildActionMask = 2147483647;
			files = (
				FA9F433A2A5FADE000ED4286 /* ModelItTests.swift in Sources */,
			);
			runOnlyForDeploymentPostprocessing = 0;
		};
		FA9F433B2A5FADE000ED4286 /* Sources */ = {
			isa = PBXSourcesBuildPhase;
			buildActionMask = 2147483647;
			files = (
				FA9F43442A5FADE000ED4286 /* ModelItUITests.swift in Sources */,
				FA9F43462A5FADE000ED4286 /* ModelItUITestsLaunchTests.swift in Sources */,
			);
			runOnlyForDeploymentPostprocessing = 0;
		};
/* End PBXSourcesBuildPhase section */

/* Begin PBXTargetDependency section */
		FA9F43372A5FADE000ED4286 /* PBXTargetDependency */ = {
			isa = PBXTargetDependency;
			target = FA9F43242A5FADDF00ED4286 /* ModelIt */;
			targetProxy = FA9F43362A5FADE000ED4286 /* PBXContainerItemProxy */;
		};
		FA9F43412A5FADE000ED4286 /* PBXTargetDependency */ = {
			isa = PBXTargetDependency;
			target = FA9F43242A5FADDF00ED4286 /* ModelIt */;
			targetProxy = FA9F43402A5FADE000ED4286 /* PBXContainerItemProxy */;
		};
/* End PBXTargetDependency section */

/* Begin XCBuildConfiguration section */
		FA9F43472A5FADE000ED4286 /* Debug */ = {
			isa = XCBuildConfiguration;
			buildSettings = {
				ALWAYS_SEARCH_USER_PATHS = NO;
				ASSETCATALOG_COMPILER_ALTERNATE_APPICON_NAMES = "";
				CLANG_ANALYZER_NONNULL = YES;
				CLANG_ANALYZER_NUMBER_OBJECT_CONVERSION = YES_AGGRESSIVE;
				CLANG_CXX_LANGUAGE_STANDARD = "gnu++20";
				CLANG_ENABLE_MODULES = YES;
				CLANG_ENABLE_OBJC_ARC = YES;
				CLANG_ENABLE_OBJC_WEAK = YES;
				CLANG_WARN_BLOCK_CAPTURE_AUTORELEASING = YES;
				CLANG_WARN_BOOL_CONVERSION = YES;
				CLANG_WARN_COMMA = YES;
				CLANG_WARN_CONSTANT_CONVERSION = YES;
				CLANG_WARN_DEPRECATED_OBJC_IMPLEMENTATIONS = YES;
				CLANG_WARN_DIRECT_OBJC_ISA_USAGE = YES_ERROR;
				CLANG_WARN_DOCUMENTATION_COMMENTS = YES;
				CLANG_WARN_EMPTY_BODY = YES;
				CLANG_WARN_ENUM_CONVERSION = YES;
				CLANG_WARN_INFINITE_RECURSION = YES;
				CLANG_WARN_INT_CONVERSION = YES;
				CLANG_WARN_NON_LITERAL_NULL_CONVERSION = YES;
				CLANG_WARN_OBJC_IMPLICIT_RETAIN_SELF = YES;
				CLANG_WARN_OBJC_LITERAL_CONVERSION = YES;
				CLANG_WARN_OBJC_ROOT_CLASS = YES_ERROR;
				CLANG_WARN_QUOTED_INCLUDE_IN_FRAMEWORK_HEADER = YES;
				CLANG_WARN_RANGE_LOOP_ANALYSIS = YES;
				CLANG_WARN_STRICT_PROTOTYPES = YES;
				CLANG_WARN_SUSPICIOUS_MOVE = YES;
				CLANG_WARN_UNGUARDED_AVAILABILITY = YES_AGGRESSIVE;
				CLANG_WARN_UNREACHABLE_CODE = YES;
				CLANG_WARN__DUPLICATE_METHOD_MATCH = YES;
				COPY_PHASE_STRIP = NO;
				DEBUG_INFORMATION_FORMAT = dwarf;
				ENABLE_STRICT_OBJC_MSGSEND = YES;
				ENABLE_TESTABILITY = YES;
				GCC_C_LANGUAGE_STANDARD = gnu11;
				GCC_DYNAMIC_NO_PIC = NO;
				GCC_NO_COMMON_BLOCKS = YES;
				GCC_OPTIMIZATION_LEVEL = 0;
				GCC_PREPROCESSOR_DEFINITIONS = (
					"DEBUG=1",
					"$(inherited)",
				);
				GCC_WARN_64_TO_32_BIT_CONVERSION = YES;
				GCC_WARN_ABOUT_RETURN_TYPE = YES_ERROR;
				GCC_WARN_UNDECLARED_SELECTOR = YES;
				GCC_WARN_UNINITIALIZED_AUTOS = YES_AGGRESSIVE;
				GCC_WARN_UNUSED_FUNCTION = YES;
				GCC_WARN_UNUSED_VARIABLE = YES;
				IPHONEOS_DEPLOYMENT_TARGET = 16.4;
				MTL_ENABLE_DEBUG_INFO = INCLUDE_SOURCE;
				MTL_FAST_MATH = YES;
				ONLY_ACTIVE_ARCH = YES;
				OTHER_CFLAGS = "-std=libstdc";
				SDKROOT = iphoneos;
				SWIFT_ACTIVE_COMPILATION_CONDITIONS = DEBUG;
				SWIFT_OBJC_BRIDGING_HEADER = ModelIt/call_c_bridge.h;
				SWIFT_OPTIMIZATION_LEVEL = "-Onone";
			};
			name = Debug;
		};
		FA9F43482A5FADE000ED4286 /* Release */ = {
			isa = XCBuildConfiguration;
			buildSettings = {
				ALWAYS_SEARCH_USER_PATHS = NO;
				ASSETCATALOG_COMPILER_ALTERNATE_APPICON_NAMES = "";
				CLANG_ANALYZER_NONNULL = YES;
				CLANG_ANALYZER_NUMBER_OBJECT_CONVERSION = YES_AGGRESSIVE;
				CLANG_CXX_LANGUAGE_STANDARD = "gnu++20";
				CLANG_ENABLE_MODULES = YES;
				CLANG_ENABLE_OBJC_ARC = YES;
				CLANG_ENABLE_OBJC_WEAK = YES;
				CLANG_WARN_BLOCK_CAPTURE_AUTORELEASING = YES;
				CLANG_WARN_BOOL_CONVERSION = YES;
				CLANG_WARN_COMMA = YES;
				CLANG_WARN_CONSTANT_CONVERSION = YES;
				CLANG_WARN_DEPRECATED_OBJC_IMPLEMENTATIONS = YES;
				CLANG_WARN_DIRECT_OBJC_ISA_USAGE = YES_ERROR;
				CLANG_WARN_DOCUMENTATION_COMMENTS = YES;
				CLANG_WARN_EMPTY_BODY = YES;
				CLANG_WARN_ENUM_CONVERSION = YES;
				CLANG_WARN_INFINITE_RECURSION = YES;
				CLANG_WARN_INT_CONVERSION = YES;
				CLANG_WARN_NON_LITERAL_NULL_CONVERSION = YES;
				CLANG_WARN_OBJC_IMPLICIT_RETAIN_SELF = YES;
				CLANG_WARN_OBJC_LITERAL_CONVERSION = YES;
				CLANG_WARN_OBJC_ROOT_CLASS = YES_ERROR;
				CLANG_WARN_QUOTED_INCLUDE_IN_FRAMEWORK_HEADER = YES;
				CLANG_WARN_RANGE_LOOP_ANALYSIS = YES;
				CLANG_WARN_STRICT_PROTOTYPES = YES;
				CLANG_WARN_SUSPICIOUS_MOVE = YES;
				CLANG_WARN_UNGUARDED_AVAILABILITY = YES_AGGRESSIVE;
				CLANG_WARN_UNREACHABLE_CODE = YES;
				CLANG_WARN__DUPLICATE_METHOD_MATCH = YES;
				COPY_PHASE_STRIP = NO;
				DEBUG_INFORMATION_FORMAT = "dwarf-with-dsym";
				ENABLE_NS_ASSERTIONS = NO;
				ENABLE_STRICT_OBJC_MSGSEND = YES;
				GCC_C_LANGUAGE_STANDARD = gnu11;
				GCC_NO_COMMON_BLOCKS = YES;
				GCC_WARN_64_TO_32_BIT_CONVERSION = YES;
				GCC_WARN_ABOUT_RETURN_TYPE = YES_ERROR;
				GCC_WARN_UNDECLARED_SELECTOR = YES;
				GCC_WARN_UNINITIALIZED_AUTOS = YES_AGGRESSIVE;
				GCC_WARN_UNUSED_FUNCTION = YES;
				GCC_WARN_UNUSED_VARIABLE = YES;
				IPHONEOS_DEPLOYMENT_TARGET = 16.4;
				MTL_ENABLE_DEBUG_INFO = NO;
				MTL_FAST_MATH = YES;
				OTHER_CFLAGS = "-std=libstdc";
				SDKROOT = iphoneos;
				SWIFT_COMPILATION_MODE = wholemodule;
				SWIFT_OBJC_BRIDGING_HEADER = ModelIt/call_c_bridge.h;
				SWIFT_OPTIMIZATION_LEVEL = "-O";
				VALIDATE_PRODUCT = YES;
			};
			name = Release;
		};
		FA9F434A2A5FADE000ED4286 /* Debug */ = {
			isa = XCBuildConfiguration;
			baseConfigurationReference = 3BA4C918C59D400A4A0138E9 /* Pods-ModelIt.debug.xcconfig */;
			buildSettings = {
				ASSETCATALOG_COMPILER_APPICON_NAME = AppIcon;
				ASSETCATALOG_COMPILER_GLOBAL_ACCENT_COLOR_NAME = AccentColor;
				CLANG_CXX_LIBRARY = "compiler-default";
				CODE_SIGN_STYLE = Automatic;
				CURRENT_PROJECT_VERSION = 1;
				DEVELOPMENT_ASSET_PATHS = "\"ModelIt/Preview Content\"";
				DEVELOPMENT_TEAM = PTQHEM5K3R;
				ENABLE_PREVIEWS = YES;
				GENERATE_INFOPLIST_FILE = YES;
				HEADER_SEARCH_PATHS = (
					"$(inherited)",
					"\"${PODS_ROOT}/Headers/Public\"",
					"\"${PODS_ROOT}/Headers/Public/SoftVision\"",
				);
				INCLUDED_RECURSIVE_SEARCH_PATH_SUBDIRECTORIES = "";
				INFOPLIST_KEY_NSCameraUsageDescription = "Camera is needed to taking pictures.";
				INFOPLIST_KEY_NSMicrophoneUsageDescription = "Use microphone to record sound";
				INFOPLIST_KEY_NSPhotoLibraryUsageDescription = "Photo Library is needed for saving captured photos.";
				INFOPLIST_KEY_UIApplicationSceneManifest_Generation = YES;
				INFOPLIST_KEY_UIApplicationSupportsIndirectInputEvents = YES;
				INFOPLIST_KEY_UILaunchScreen_Generation = YES;
				INFOPLIST_KEY_UISupportedInterfaceOrientations_iPad = "UIInterfaceOrientationPortrait UIInterfaceOrientationPortraitUpsideDown UIInterfaceOrientationLandscapeLeft UIInterfaceOrientationLandscapeRight";
				INFOPLIST_KEY_UISupportedInterfaceOrientations_iPhone = "UIInterfaceOrientationPortrait UIInterfaceOrientationLandscapeLeft UIInterfaceOrientationLandscapeRight";
				LD_RUNPATH_SEARCH_PATHS = (
					"$(inherited)",
					"@executable_path/Frameworks",
				);
				LINK_WITH_STANDARD_LIBRARIES = YES;
				MARKETING_VERSION = 1.0;
				OTHER_CFLAGS = "";
				OTHER_CPLUSPLUSFLAGS = "$(OTHER_CFLAGS)";
				OTHER_LDFLAGS = (
					"$(inherited)",
					"-ObjC",
					"-l\"SoftVision\"",
				);
				OTHER_LIBTOOLFLAGS = "";
				PRODUCT_BUNDLE_IDENTIFIER = com.letitbe.ModelIt;
				PRODUCT_NAME = "$(TARGET_NAME)";
				SWIFT_EMIT_LOC_STRINGS = YES;
				SWIFT_OBJC_BRIDGING_HEADER = ModelIt/call_c_bridge.h;
				SWIFT_VERSION = 5.0;
				TARGETED_DEVICE_FAMILY = "1,2";
			};
			name = Debug;
		};
		FA9F434B2A5FADE000ED4286 /* Release */ = {
			isa = XCBuildConfiguration;
			baseConfigurationReference = EF43E79D4A88AE4FDF26D058 /* Pods-ModelIt.release.xcconfig */;
			buildSettings = {
				ASSETCATALOG_COMPILER_APPICON_NAME = AppIcon;
				ASSETCATALOG_COMPILER_GLOBAL_ACCENT_COLOR_NAME = AccentColor;
				CLANG_CXX_LIBRARY = "compiler-default";
				CODE_SIGN_STYLE = Automatic;
				CURRENT_PROJECT_VERSION = 1;
				DEVELOPMENT_ASSET_PATHS = "\"ModelIt/Preview Content\"";
				DEVELOPMENT_TEAM = PTQHEM5K3R;
				ENABLE_PREVIEWS = YES;
				GENERATE_INFOPLIST_FILE = YES;
				HEADER_SEARCH_PATHS = (
					"$(inherited)",
					"\"${PODS_ROOT}/Headers/Public\"",
					"\"${PODS_ROOT}/Headers/Public/SoftVision\"",
				);
				INCLUDED_RECURSIVE_SEARCH_PATH_SUBDIRECTORIES = "";
				INFOPLIST_KEY_NSCameraUsageDescription = "Camera is needed to taking pictures.";
				INFOPLIST_KEY_NSMicrophoneUsageDescription = "Use microphone to record sound";
				INFOPLIST_KEY_NSPhotoLibraryUsageDescription = "Photo Library is needed for saving captured photos.";
				INFOPLIST_KEY_UIApplicationSceneManifest_Generation = YES;
				INFOPLIST_KEY_UIApplicationSupportsIndirectInputEvents = YES;
				INFOPLIST_KEY_UILaunchScreen_Generation = YES;
				INFOPLIST_KEY_UISupportedInterfaceOrientations_iPad = "UIInterfaceOrientationPortrait UIInterfaceOrientationPortraitUpsideDown UIInterfaceOrientationLandscapeLeft UIInterfaceOrientationLandscapeRight";
				INFOPLIST_KEY_UISupportedInterfaceOrientations_iPhone = "UIInterfaceOrientationPortrait UIInterfaceOrientationLandscapeLeft UIInterfaceOrientationLandscapeRight";
				LD_RUNPATH_SEARCH_PATHS = (
					"$(inherited)",
					"@executable_path/Frameworks",
				);
				LINK_WITH_STANDARD_LIBRARIES = YES;
				MARKETING_VERSION = 1.0;
				OTHER_CFLAGS = "";
				OTHER_CPLUSPLUSFLAGS = "$(OTHER_CFLAGS)";
				OTHER_LDFLAGS = (
					"$(inherited)",
					"-ObjC",
					"-l\"SoftVision\"",
				);
				OTHER_LIBTOOLFLAGS = "";
				PRODUCT_BUNDLE_IDENTIFIER = com.letitbe.ModelIt;
				PRODUCT_NAME = "$(TARGET_NAME)";
				SWIFT_EMIT_LOC_STRINGS = YES;
				SWIFT_OBJC_BRIDGING_HEADER = ModelIt/call_c_bridge.h;
				SWIFT_VERSION = 5.0;
				TARGETED_DEVICE_FAMILY = "1,2";
			};
			name = Release;
		};
		FA9F434D2A5FADE000ED4286 /* Debug */ = {
			isa = XCBuildConfiguration;
			buildSettings = {
				ALWAYS_EMBED_SWIFT_STANDARD_LIBRARIES = YES;
				BUNDLE_LOADER = "$(TEST_HOST)";
				CODE_SIGN_STYLE = Automatic;
				CURRENT_PROJECT_VERSION = 1;
				DEVELOPMENT_TEAM = PTQHEM5K3R;
				GENERATE_INFOPLIST_FILE = YES;
				IPHONEOS_DEPLOYMENT_TARGET = 16.4;
				MARKETING_VERSION = 1.0;
				PRODUCT_BUNDLE_IDENTIFIER = com.letitbe.ModelItTests;
				PRODUCT_NAME = "$(TARGET_NAME)";
				SWIFT_EMIT_LOC_STRINGS = NO;
				SWIFT_VERSION = 5.0;
				TARGETED_DEVICE_FAMILY = "1,2";
				TEST_HOST = "$(BUILT_PRODUCTS_DIR)/ModelIt.app/$(BUNDLE_EXECUTABLE_FOLDER_PATH)/ModelIt";
			};
			name = Debug;
		};
		FA9F434E2A5FADE000ED4286 /* Release */ = {
			isa = XCBuildConfiguration;
			buildSettings = {
				ALWAYS_EMBED_SWIFT_STANDARD_LIBRARIES = YES;
				BUNDLE_LOADER = "$(TEST_HOST)";
				CODE_SIGN_STYLE = Automatic;
				CURRENT_PROJECT_VERSION = 1;
				DEVELOPMENT_TEAM = PTQHEM5K3R;
				GENERATE_INFOPLIST_FILE = YES;
				IPHONEOS_DEPLOYMENT_TARGET = 16.4;
				MARKETING_VERSION = 1.0;
				PRODUCT_BUNDLE_IDENTIFIER = com.letitbe.ModelItTests;
				PRODUCT_NAME = "$(TARGET_NAME)";
				SWIFT_EMIT_LOC_STRINGS = NO;
				SWIFT_VERSION = 5.0;
				TARGETED_DEVICE_FAMILY = "1,2";
				TEST_HOST = "$(BUILT_PRODUCTS_DIR)/ModelIt.app/$(BUNDLE_EXECUTABLE_FOLDER_PATH)/ModelIt";
			};
			name = Release;
		};
		FA9F43502A5FADE000ED4286 /* Debug */ = {
			isa = XCBuildConfiguration;
			buildSettings = {
				ALWAYS_EMBED_SWIFT_STANDARD_LIBRARIES = YES;
				CODE_SIGN_STYLE = Automatic;
				CURRENT_PROJECT_VERSION = 1;
				DEVELOPMENT_TEAM = PTQHEM5K3R;
				GENERATE_INFOPLIST_FILE = YES;
				MARKETING_VERSION = 1.0;
				PRODUCT_BUNDLE_IDENTIFIER = com.letitbe.ModelItUITests;
				PRODUCT_NAME = "$(TARGET_NAME)";
				SWIFT_EMIT_LOC_STRINGS = NO;
				SWIFT_VERSION = 5.0;
				TARGETED_DEVICE_FAMILY = "1,2";
				TEST_TARGET_NAME = ModelIt;
			};
			name = Debug;
		};
		FA9F43512A5FADE000ED4286 /* Release */ = {
			isa = XCBuildConfiguration;
			buildSettings = {
				ALWAYS_EMBED_SWIFT_STANDARD_LIBRARIES = YES;
				CODE_SIGN_STYLE = Automatic;
				CURRENT_PROJECT_VERSION = 1;
				DEVELOPMENT_TEAM = PTQHEM5K3R;
				GENERATE_INFOPLIST_FILE = YES;
				MARKETING_VERSION = 1.0;
				PRODUCT_BUNDLE_IDENTIFIER = com.letitbe.ModelItUITests;
				PRODUCT_NAME = "$(TARGET_NAME)";
				SWIFT_EMIT_LOC_STRINGS = NO;
				SWIFT_VERSION = 5.0;
				TARGETED_DEVICE_FAMILY = "1,2";
				TEST_TARGET_NAME = ModelIt;
			};
			name = Release;
		};
/* End XCBuildConfiguration section */

/* Begin XCConfigurationList section */
		FA9F43202A5FADDF00ED4286 /* Build configuration list for PBXProject "ModelIt" */ = {
			isa = XCConfigurationList;
			buildConfigurations = (
				FA9F43472A5FADE000ED4286 /* Debug */,
				FA9F43482A5FADE000ED4286 /* Release */,
			);
			defaultConfigurationIsVisible = 0;
			defaultConfigurationName = Release;
		};
		FA9F43492A5FADE000ED4286 /* Build configuration list for PBXNativeTarget "ModelIt" */ = {
			isa = XCConfigurationList;
			buildConfigurations = (
				FA9F434A2A5FADE000ED4286 /* Debug */,
				FA9F434B2A5FADE000ED4286 /* Release */,
			);
			defaultConfigurationIsVisible = 0;
			defaultConfigurationName = Release;
		};
		FA9F434C2A5FADE000ED4286 /* Build configuration list for PBXNativeTarget "ModelItTests" */ = {
			isa = XCConfigurationList;
			buildConfigurations = (
				FA9F434D2A5FADE000ED4286 /* Debug */,
				FA9F434E2A5FADE000ED4286 /* Release */,
			);
			defaultConfigurationIsVisible = 0;
			defaultConfigurationName = Release;
		};
		FA9F434F2A5FADE000ED4286 /* Build configuration list for PBXNativeTarget "ModelItUITests" */ = {
			isa = XCConfigurationList;
			buildConfigurations = (
				FA9F43502A5FADE000ED4286 /* Debug */,
				FA9F43512A5FADE000ED4286 /* Release */,
			);
			defaultConfigurationIsVisible = 0;
			defaultConfigurationName = Release;
		};
/* End XCConfigurationList section */
	};
	rootObject = FA9F431D2A5FADDF00ED4286 /* Project object */;
}
